// !$*UTF8*$!
{
	archiveVersion = 1;
	classes = {
	};
	objectVersion = 50;
	objects = {

/* Begin PBXBuildFile section */
		C88812052294235300CA250F /* AppDelegate.swift in Sources */ = {isa = PBXBuildFile; fileRef = C88812042294235300CA250F /* AppDelegate.swift */; };
		C88812072294235300CA250F /* ViewController.swift in Sources */ = {isa = PBXBuildFile; fileRef = C88812062294235300CA250F /* ViewController.swift */; };
		C888120A2294235300CA250F /* Main.storyboard in Resources */ = {isa = PBXBuildFile; fileRef = C88812082294235300CA250F /* Main.storyboard */; };
		C888120C2294235700CA250F /* Assets.xcassets in Resources */ = {isa = PBXBuildFile; fileRef = C888120B2294235700CA250F /* Assets.xcassets */; };
		C888120F2294235700CA250F /* LaunchScreen.storyboard in Resources */ = {isa = PBXBuildFile; fileRef = C888120D2294235700CA250F /* LaunchScreen.storyboard */; };
/* End PBXBuildFile section */

/* Begin PBXFileReference section */
		C88812012294235300CA250F /* Move U.app */ = {isa = PBXFileReference; explicitFileType = wrapper.application; includeInIndex = 0; path = "Move U.app"; sourceTree = BUILT_PRODUCTS_DIR; };
		C88812042294235300CA250F /* AppDelegate.swift */ = {isa = PBXFileReference; lastKnownFileType = sourcecode.swift; path = AppDelegate.swift; sourceTree = "<group>"; };
		C88812062294235300CA250F /* ViewController.swift */ = {isa = PBXFileReference; lastKnownFileType = sourcecode.swift; path = ViewController.swift; sourceTree = "<group>"; };
		C88812092294235300CA250F /* Base */ = {isa = PBXFileReference; lastKnownFileType = file.storyboard; name = Base; path = Base.lproj/Main.storyboard; sourceTree = "<group>"; };
		C888120B2294235700CA250F /* Assets.xcassets */ = {isa = PBXFileReference; lastKnownFileType = folder.assetcatalog; path = Assets.xcassets; sourceTree = "<group>"; };
		C888120E2294235700CA250F /* Base */ = {isa = PBXFileReference; lastKnownFileType = file.storyboard; name = Base; path = Base.lproj/LaunchScreen.storyboard; sourceTree = "<group>"; };
		C88812102294235700CA250F /* Info.plist */ = {isa = PBXFileReference; lastKnownFileType = text.plist.xml; path = Info.plist; sourceTree = "<group>"; };
/* End PBXFileReference section */

/* Begin PBXFrameworksBuildPhase section */
		C88811FE2294235300CA250F /* Frameworks */ = {
			isa = PBXFrameworksBuildPhase;
			buildActionMask = 2147483647;
			files = (
			);
			runOnlyForDeploymentPostprocessing = 0;
		};
/* End PBXFrameworksBuildPhase section */

/* Begin PBXGroup section */
		C88811F82294235300CA250F = {
			isa = PBXGroup;
			children = (
				C88812032294235300CA250F /* Move U */,
				C88812022294235300CA250F /* Products */,
			);
			sourceTree = "<group>";
		};
		C88812022294235300CA250F /* Products */ = {
			isa = PBXGroup;
			children = (
				C88812012294235300CA250F /* Move U.app */,
			);
			name = Products;
			sourceTree = "<group>";
		};
		C88812032294235300CA250F /* Move U */ = {
			isa = PBXGroup;
			children = (
				C88812162294238D00CA250F /* App */,
				C88812172294239600CA250F /* Data */,
				C8881218229423A600CA250F /* Features */,
				C888121E2294248100CA250F /* Resources */,
				C88812102294235700CA250F /* Info.plist */,
			);
			path = "Move U";
			sourceTree = "<group>";
		};
		C88812162294238D00CA250F /* App */ = {
			isa = PBXGroup;
			children = (
				C88812042294235300CA250F /* AppDelegate.swift */,
			);
			path = App;
			sourceTree = "<group>";
		};
		C88812172294239600CA250F /* Data */ = {
			isa = PBXGroup;
			children = (
			);
			path = Data;
			sourceTree = "<group>";
		};
		C8881218229423A600CA250F /* Features */ = {
			isa = PBXGroup;
			children = (
				C888121B2294245C00CA250F /* Main */,
				C88812192294244800CA250F /* Launch */,
			);
			path = Features;
			sourceTree = "<group>";
		};
		C88812192294244800CA250F /* Launch */ = {
			isa = PBXGroup;
			children = (
				C888121A2294245000CA250F /* Views */,
			);
			path = Launch;
			sourceTree = "<group>";
		};
		C888121A2294245000CA250F /* Views */ = {
			isa = PBXGroup;
			children = (
				C888120D2294235700CA250F /* LaunchScreen.storyboard */,
			);
			path = Views;
			sourceTree = "<group>";
		};
		C888121B2294245C00CA250F /* Main */ = {
			isa = PBXGroup;
			children = (
				C888121D2294247300CA250F /* Views */,
				C888121C2294246700CA250F /* Controllers */,
			);
			path = Main;
			sourceTree = "<group>";
		};
		C888121C2294246700CA250F /* Controllers */ = {
			isa = PBXGroup;
			children = (
				C88812062294235300CA250F /* ViewController.swift */,
			);
			path = Controllers;
			sourceTree = "<group>";
		};
		C888121D2294247300CA250F /* Views */ = {
			isa = PBXGroup;
			children = (
				C88812082294235300CA250F /* Main.storyboard */,
			);
			path = Views;
			sourceTree = "<group>";
		};
		C888121E2294248100CA250F /* Resources */ = {
			isa = PBXGroup;
			children = (
				C888120B2294235700CA250F /* Assets.xcassets */,
			);
			path = Resources;
			sourceTree = "<group>";
		};
/* End PBXGroup section */

/* Begin PBXNativeTarget section */
		C88812002294235300CA250F /* Move U */ = {
			isa = PBXNativeTarget;
			buildConfigurationList = C88812132294235700CA250F /* Build configuration list for PBXNativeTarget "Move U" */;
			buildPhases = (
				C88811FD2294235300CA250F /* Sources */,
				C88811FE2294235300CA250F /* Frameworks */,
				C88811FF2294235300CA250F /* Resources */,
			);
			buildRules = (
			);
			dependencies = (
			);
			name = "Move U";
			productName = "Move U";
			productReference = C88812012294235300CA250F /* Move U.app */;
			productType = "com.apple.product-type.application";
		};
/* End PBXNativeTarget section */

/* Begin PBXProject section */
		C88811F92294235300CA250F /* Project object */ = {
			isa = PBXProject;
			attributes = {
				LastSwiftUpdateCheck = 0930;
				LastUpgradeCheck = 0930;
				ORGANIZATIONNAME = "Jaime Casado Aparicio";
				TargetAttributes = {
					C88812002294235300CA250F = {
						CreatedOnToolsVersion = 9.3;
					};
				};
			};
			buildConfigurationList = C88811FC2294235300CA250F /* Build configuration list for PBXProject "Move U" */;
			compatibilityVersion = "Xcode 9.3";
			developmentRegion = en;
			hasScannedForEncodings = 0;
			knownRegions = (
				en,
				Base,
			);
			mainGroup = C88811F82294235300CA250F;
			productRefGroup = C88812022294235300CA250F /* Products */;
			projectDirPath = "";
			projectRoot = "";
			targets = (
				C88812002294235300CA250F /* Move U */,
			);
		};
/* End PBXProject section */

/* Begin PBXResourcesBuildPhase section */
		C88811FF2294235300CA250F /* Resources */ = {
			isa = PBXResourcesBuildPhase;
			buildActionMask = 2147483647;
			files = (
				C888120F2294235700CA250F /* LaunchScreen.storyboard in Resources */,
				C888120C2294235700CA250F /* Assets.xcassets in Resources */,
				C888120A2294235300CA250F /* Main.storyboard in Resources */,
			);
			runOnlyForDeploymentPostprocessing = 0;
		};
/* End PBXResourcesBuildPhase section */

/* Begin PBXSourcesBuildPhase section */
		C88811FD2294235300CA250F /* Sources */ = {
			isa = PBXSourcesBuildPhase;
			buildActionMask = 2147483647;
			files = (
				C88812072294235300CA250F /* ViewController.swift in Sources */,
				C88812052294235300CA250F /* AppDelegate.swift in Sources */,
			);
			runOnlyForDeploymentPostprocessing = 0;
		};
/* End PBXSourcesBuildPhase section */

/* Begin PBXVariantGroup section */
		C88812082294235300CA250F /* Main.storyboard */ = {
			isa = PBXVariantGroup;
			children = (
				C88812092294235300CA250F /* Base */,
			);
			name = Main.storyboard;
			sourceTree = "<group>";
		};
		C888120D2294235700CA250F /* LaunchScreen.storyboard */ = {
			isa = PBXVariantGroup;
			children = (
				C888120E2294235700CA250F /* Base */,
			);
			name = LaunchScreen.storyboard;
			sourceTree = "<group>";
		};
/* End PBXVariantGroup section */

/* Begin XCBuildConfiguration section */
		C88812112294235700CA250F /* Debug */ = {
			isa = XCBuildConfiguration;
			buildSettings = {
				ALWAYS_SEARCH_USER_PATHS = NO;
				CLANG_ANALYZER_NONNULL = YES;
				CLANG_ANALYZER_NUMBER_OBJECT_CONVERSION = YES_AGGRESSIVE;
				CLANG_CXX_LANGUAGE_STANDARD = "gnu++14";
				CLANG_CXX_LIBRARY = "libc++";
				CLANG_ENABLE_MODULES = YES;
				CLANG_ENABLE_OBJC_ARC = YES;
				CLANG_ENABLE_OBJC_WEAK = YES;
				CLANG_WARN_BLOCK_CAPTURE_AUTORELEASING = YES;
				CLANG_WARN_BOOL_CONVERSION = YES;
				CLANG_WARN_COMMA = YES;
				CLANG_WARN_CONSTANT_CONVERSION = YES;
				CLANG_WARN_DEPRECATED_OBJC_IMPLEMENTATIONS = YES;
				CLANG_WARN_DIRECT_OBJC_ISA_USAGE = YES_ERROR;
				CLANG_WARN_DOCUMENTATION_COMMENTS = YES;
				CLANG_WARN_EMPTY_BODY = YES;
				CLANG_WARN_ENUM_CONVERSION = YES;
				CLANG_WARN_INFINITE_RECURSION = YES;
				CLANG_WARN_INT_CONVERSION = YES;
				CLANG_WARN_NON_LITERAL_NULL_CONVERSION = YES;
				CLANG_WARN_OBJC_IMPLICIT_RETAIN_SELF = YES;
				CLANG_WARN_OBJC_LITERAL_CONVERSION = YES;
				CLANG_WARN_OBJC_ROOT_CLASS = YES_ERROR;
				CLANG_WARN_RANGE_LOOP_ANALYSIS = YES;
				CLANG_WARN_STRICT_PROTOTYPES = YES;
				CLANG_WARN_SUSPICIOUS_MOVE = YES;
				CLANG_WARN_UNGUARDED_AVAILABILITY = YES_AGGRESSIVE;
				CLANG_WARN_UNREACHABLE_CODE = YES;
				CLANG_WARN__DUPLICATE_METHOD_MATCH = YES;
				CODE_SIGN_IDENTITY = "iPhone Developer";
				COPY_PHASE_STRIP = NO;
				DEBUG_INFORMATION_FORMAT = dwarf;
				ENABLE_STRICT_OBJC_MSGSEND = YES;
				ENABLE_TESTABILITY = YES;
				GCC_C_LANGUAGE_STANDARD = gnu11;
				GCC_DYNAMIC_NO_PIC = NO;
				GCC_NO_COMMON_BLOCKS = YES;
				GCC_OPTIMIZATION_LEVEL = 0;
				GCC_PREPROCESSOR_DEFINITIONS = (
					"DEBUG=1",
					"$(inherited)",
				);
				GCC_WARN_64_TO_32_BIT_CONVERSION = YES;
				GCC_WARN_ABOUT_RETURN_TYPE = YES_ERROR;
				GCC_WARN_UNDECLARED_SELECTOR = YES;
				GCC_WARN_UNINITIALIZED_AUTOS = YES_AGGRESSIVE;
				GCC_WARN_UNUSED_FUNCTION = YES;
				GCC_WARN_UNUSED_VARIABLE = YES;
				IPHONEOS_DEPLOYMENT_TARGET = 11.3;
				MTL_ENABLE_DEBUG_INFO = YES;
				ONLY_ACTIVE_ARCH = YES;
				SDKROOT = iphoneos;
				SWIFT_ACTIVE_COMPILATION_CONDITIONS = DEBUG;
				SWIFT_OPTIMIZATION_LEVEL = "-Onone";
			};
			name = Debug;
		};
		C88812122294235700CA250F /* Release */ = {
			isa = XCBuildConfiguration;
			buildSettings = {
				ALWAYS_SEARCH_USER_PATHS = NO;
				CLANG_ANALYZER_NONNULL = YES;
				CLANG_ANALYZER_NUMBER_OBJECT_CONVERSION = YES_AGGRESSIVE;
				CLANG_CXX_LANGUAGE_STANDARD = "gnu++14";
				CLANG_CXX_LIBRARY = "libc++";
				CLANG_ENABLE_MODULES = YES;
				CLANG_ENABLE_OBJC_ARC = YES;
				CLANG_ENABLE_OBJC_WEAK = YES;
				CLANG_WARN_BLOCK_CAPTURE_AUTORELEASING = YES;
				CLANG_WARN_BOOL_CONVERSION = YES;
				CLANG_WARN_COMMA = YES;
				CLANG_WARN_CONSTANT_CONVERSION = YES;
				CLANG_WARN_DEPRECATED_OBJC_IMPLEMENTATIONS = YES;
				CLANG_WARN_DIRECT_OBJC_ISA_USAGE = YES_ERROR;
				CLANG_WARN_DOCUMENTATION_COMMENTS = YES;
				CLANG_WARN_EMPTY_BODY = YES;
				CLANG_WARN_ENUM_CONVERSION = YES;
				CLANG_WARN_INFINITE_RECURSION = YES;
				CLANG_WARN_INT_CONVERSION = YES;
				CLANG_WARN_NON_LITERAL_NULL_CONVERSION = YES;
				CLANG_WARN_OBJC_IMPLICIT_RETAIN_SELF = YES;
				CLANG_WARN_OBJC_LITERAL_CONVERSION = YES;
				CLANG_WARN_OBJC_ROOT_CLASS = YES_ERROR;
				CLANG_WARN_RANGE_LOOP_ANALYSIS = YES;
				CLANG_WARN_STRICT_PROTOTYPES = YES;
				CLANG_WARN_SUSPICIOUS_MOVE = YES;
				CLANG_WARN_UNGUARDED_AVAILABILITY = YES_AGGRESSIVE;
				CLANG_WARN_UNREACHABLE_CODE = YES;
				CLANG_WARN__DUPLICATE_METHOD_MATCH = YES;
				CODE_SIGN_IDENTITY = "iPhone Developer";
				COPY_PHASE_STRIP = NO;
				DEBUG_INFORMATION_FORMAT = "dwarf-with-dsym";
				ENABLE_NS_ASSERTIONS = NO;
				ENABLE_STRICT_OBJC_MSGSEND = YES;
				GCC_C_LANGUAGE_STANDARD = gnu11;
				GCC_NO_COMMON_BLOCKS = YES;
				GCC_WARN_64_TO_32_BIT_CONVERSION = YES;
				GCC_WARN_ABOUT_RETURN_TYPE = YES_ERROR;
				GCC_WARN_UNDECLARED_SELECTOR = YES;
				GCC_WARN_UNINITIALIZED_AUTOS = YES_AGGRESSIVE;
				GCC_WARN_UNUSED_FUNCTION = YES;
				GCC_WARN_UNUSED_VARIABLE = YES;
				IPHONEOS_DEPLOYMENT_TARGET = 11.3;
				MTL_ENABLE_DEBUG_INFO = NO;
				SDKROOT = iphoneos;
				SWIFT_COMPILATION_MODE = wholemodule;
				SWIFT_OPTIMIZATION_LEVEL = "-O";
				VALIDATE_PRODUCT = YES;
			};
			name = Release;
		};
		C88812142294235700CA250F /* Debug */ = {
			isa = XCBuildConfiguration;
			buildSettings = {
				ASSETCATALOG_COMPILER_APPICON_NAME = AppIcon;
				CODE_SIGN_STYLE = Manual;
				DEVELOPMENT_TEAM = "";
				INFOPLIST_FILE = "Move U/Info.plist";
				LD_RUNPATH_SEARCH_PATHS = (
					"$(inherited)",
					"@executable_path/Frameworks",
				);
				PRODUCT_BUNDLE_IDENTIFIER = "com.jca.Move-U";
				PRODUCT_NAME = "$(TARGET_NAME)";
				PROVISIONING_PROFILE_SPECIFIER = "";
				SWIFT_VERSION = 4.0;
				TARGETED_DEVICE_FAMILY = 1;
			};
			name = Debug;
		};
		C88812152294235700CA250F /* Release */ = {
			isa = XCBuildConfiguration;
			buildSettings = {
				ASSETCATALOG_COMPILER_APPICON_NAME = AppIcon;
				CODE_SIGN_STYLE = Manual;
				DEVELOPMENT_TEAM = "";
				INFOPLIST_FILE = "Move U/Info.plist";
				LD_RUNPATH_SEARCH_PATHS = (
					"$(inherited)",
					"@executable_path/Frameworks",
				);
				PRODUCT_BUNDLE_IDENTIFIER = "com.jca.Move-U";
				PRODUCT_NAME = "$(TARGET_NAME)";
				PROVISIONING_PROFILE_SPECIFIER = "";
				SWIFT_VERSION = 4.0;
				TARGETED_DEVICE_FAMILY = 1;
			};
			name = Release;
		};
/* End XCBuildConfiguration section */

/* Begin XCConfigurationList section */
		C88811FC2294235300CA250F /* Build configuration list for PBXProject "Move U" */ = {
			isa = XCConfigurationList;
			buildConfigurations = (
				C88812112294235700CA250F /* Debug */,
				C88812122294235700CA250F /* Release */,
			);
			defaultConfigurationIsVisible = 0;
			defaultConfigurationName = Release;
		};
		C88812132294235700CA250F /* Build configuration list for PBXNativeTarget "Move U" */ = {
			isa = XCConfigurationList;
			buildConfigurations = (
				C88812142294235700CA250F /* Debug */,
				C88812152294235700CA250F /* Release */,
			);
			defaultConfigurationIsVisible = 0;
			defaultConfigurationName = Release;
		};
/* End XCConfigurationList section */
	};
	rootObject = C88811F92294235300CA250F /* Project object */;
}
